// !$*UTF8*$!
{
	archiveVersion = 1;
	classes = {
	};
	objectVersion = 46;
	objects = {

/* Begin PBXBuildFile section */
		3C9B0C811E2A661500D57C9E /* AppDelegate.swift in Sources */ = {isa = PBXBuildFile; fileRef = 3C9B0C801E2A661500D57C9E /* AppDelegate.swift */; };
		3C9B0C831E2A661500D57C9E /* ViewController.swift in Sources */ = {isa = PBXBuildFile; fileRef = 3C9B0C821E2A661500D57C9E /* ViewController.swift */; };
		3C9B0C861E2A661500D57C9E /* Main.storyboard in Resources */ = {isa = PBXBuildFile; fileRef = 3C9B0C841E2A661500D57C9E /* Main.storyboard */; };
		3C9B0C881E2A661500D57C9E /* Assets.xcassets in Resources */ = {isa = PBXBuildFile; fileRef = 3C9B0C871E2A661500D57C9E /* Assets.xcassets */; };
		3C9B0C8B1E2A661500D57C9E /* LaunchScreen.storyboard in Resources */ = {isa = PBXBuildFile; fileRef = 3C9B0C891E2A661500D57C9E /* LaunchScreen.storyboard */; };
		3C9B0C931E2A671700D57C9E /* PageViewDataSource.swift in Sources */ = {isa = PBXBuildFile; fileRef = 3C9B0C921E2A671700D57C9E /* PageViewDataSource.swift */; };
		3C9B0C951E2A685600D57C9E /* DataViewController.swift in Sources */ = {isa = PBXBuildFile; fileRef = 3C9B0C941E2A685600D57C9E /* DataViewController.swift */; };
/* End PBXBuildFile section */

/* Begin PBXFileReference section */
		3C9B0C7D1E2A661500D57C9E /* Page View Controllers.app */ = {isa = PBXFileReference; explicitFileType = wrapper.application; includeInIndex = 0; path = "Page View Controllers.app"; sourceTree = BUILT_PRODUCTS_DIR; };
		3C9B0C801E2A661500D57C9E /* AppDelegate.swift */ = {isa = PBXFileReference; lastKnownFileType = sourcecode.swift; path = AppDelegate.swift; sourceTree = "<group>"; };
		3C9B0C821E2A661500D57C9E /* ViewController.swift */ = {isa = PBXFileReference; lastKnownFileType = sourcecode.swift; path = ViewController.swift; sourceTree = "<group>"; };
		3C9B0C851E2A661500D57C9E /* Base */ = {isa = PBXFileReference; lastKnownFileType = file.storyboard; name = Base; path = Base.lproj/Main.storyboard; sourceTree = "<group>"; };
		3C9B0C871E2A661500D57C9E /* Assets.xcassets */ = {isa = PBXFileReference; lastKnownFileType = folder.assetcatalog; path = Assets.xcassets; sourceTree = "<group>"; };
		3C9B0C8A1E2A661500D57C9E /* Base */ = {isa = PBXFileReference; lastKnownFileType = file.storyboard; name = Base; path = Base.lproj/LaunchScreen.storyboard; sourceTree = "<group>"; };
		3C9B0C8C1E2A661500D57C9E /* Info.plist */ = {isa = PBXFileReference; lastKnownFileType = text.plist.xml; path = Info.plist; sourceTree = "<group>"; };
		3C9B0C921E2A671700D57C9E /* PageViewDataSource.swift */ = {isa = PBXFileReference; fileEncoding = 4; lastKnownFileType = sourcecode.swift; path = PageViewDataSource.swift; sourceTree = "<group>"; };
		3C9B0C941E2A685600D57C9E /* DataViewController.swift */ = {isa = PBXFileReference; fileEncoding = 4; lastKnownFileType = sourcecode.swift; path = DataViewController.swift; sourceTree = "<group>"; };
/* End PBXFileReference section */

/* Begin PBXFrameworksBuildPhase section */
		3C9B0C7A1E2A661500D57C9E /* Frameworks */ = {
			isa = PBXFrameworksBuildPhase;
			buildActionMask = 2147483647;
			files = (
			);
			runOnlyForDeploymentPostprocessing = 0;
		};
/* End PBXFrameworksBuildPhase section */

/* Begin PBXGroup section */
		3C9B0C741E2A661500D57C9E = {
			isa = PBXGroup;
			children = (
				3C9B0C7F1E2A661500D57C9E /* Page View Controllers */,
				3C9B0C7E1E2A661500D57C9E /* Products */,
			);
			sourceTree = "<group>";
		};
		3C9B0C7E1E2A661500D57C9E /* Products */ = {
			isa = PBXGroup;
			children = (
				3C9B0C7D1E2A661500D57C9E /* Page View Controllers.app */,
			);
			name = Products;
			sourceTree = "<group>";
		};
		3C9B0C7F1E2A661500D57C9E /* Page View Controllers */ = {
			isa = PBXGroup;
			children = (
				3C9B0C801E2A661500D57C9E /* AppDelegate.swift */,
				3C9B0C821E2A661500D57C9E /* ViewController.swift */,
				3C9B0C841E2A661500D57C9E /* Main.storyboard */,
				3C9B0C871E2A661500D57C9E /* Assets.xcassets */,
				3C9B0C891E2A661500D57C9E /* LaunchScreen.storyboard */,
				3C9B0C8C1E2A661500D57C9E /* Info.plist */,
				3C9B0C921E2A671700D57C9E /* PageViewDataSource.swift */,
				3C9B0C941E2A685600D57C9E /* DataViewController.swift */,
			);
			path = "Page View Controllers";
			sourceTree = "<group>";
		};
/* End PBXGroup section */

/* Begin PBXNativeTarget section */
		3C9B0C7C1E2A661500D57C9E /* Page View Controllers */ = {
			isa = PBXNativeTarget;
			buildConfigurationList = 3C9B0C8F1E2A661500D57C9E /* Build configuration list for PBXNativeTarget "Page View Controllers" */;
			buildPhases = (
				3C9B0C791E2A661500D57C9E /* Sources */,
				3C9B0C7A1E2A661500D57C9E /* Frameworks */,
				3C9B0C7B1E2A661500D57C9E /* Resources */,
			);
			buildRules = (
			);
			dependencies = (
			);
			name = "Page View Controllers";
			productName = "Page View Controllers";
			productReference = 3C9B0C7D1E2A661500D57C9E /* Page View Controllers.app */;
			productType = "com.apple.product-type.application";
		};
/* End PBXNativeTarget section */

/* Begin PBXProject section */
		3C9B0C751E2A661500D57C9E /* Project object */ = {
			isa = PBXProject;
			attributes = {
				LastSwiftUpdateCheck = 0820;
				LastUpgradeCheck = 0820;
				ORGANIZATIONNAME = "Unimed Maceió";
				TargetAttributes = {
					3C9B0C7C1E2A661500D57C9E = {
						CreatedOnToolsVersion = 8.2.1;
						ProvisioningStyle = Automatic;
					};
				};
			};
			buildConfigurationList = 3C9B0C781E2A661500D57C9E /* Build configuration list for PBXProject "Page View Controllers" */;
			compatibilityVersion = "Xcode 3.2";
			developmentRegion = English;
			hasScannedForEncodings = 0;
			knownRegions = (
				en,
				Base,
			);
			mainGroup = 3C9B0C741E2A661500D57C9E;
			productRefGroup = 3C9B0C7E1E2A661500D57C9E /* Products */;
			projectDirPath = "";
			projectRoot = "";
			targets = (
				3C9B0C7C1E2A661500D57C9E /* Page View Controllers */,
			);
		};
/* End PBXProject section */

/* Begin PBXResourcesBuildPhase section */
		3C9B0C7B1E2A661500D57C9E /* Resources */ = {
			isa = PBXResourcesBuildPhase;
			buildActionMask = 2147483647;
			files = (
				3C9B0C8B1E2A661500D57C9E /* LaunchScreen.storyboard in Resources */,
				3C9B0C881E2A661500D57C9E /* Assets.xcassets in Resources */,
				3C9B0C861E2A661500D57C9E /* Main.storyboard in Resources */,
			);
			runOnlyForDeploymentPostprocessing = 0;
		};
/* End PBXResourcesBuildPhase section */

/* Begin PBXSourcesBuildPhase section */
		3C9B0C791E2A661500D57C9E /* Sources */ = {
			isa = PBXSourcesBuildPhase;
			buildActionMask = 2147483647;
			files = (
				3C9B0C951E2A685600D57C9E /* DataViewController.swift in Sources */,
				3C9B0C931E2A671700D57C9E /* PageViewDataSource.swift in Sources */,
				3C9B0C831E2A661500D57C9E /* ViewController.swift in Sources */,
				3C9B0C811E2A661500D57C9E /* AppDelegate.swift in Sources */,
			);
			runOnlyForDeploymentPostprocessing = 0;
		};
/* End PBXSourcesBuildPhase section */

/* Begin PBXVariantGroup section */
		3C9B0C841E2A661500D57C9E /* Main.storyboard */ = {
			isa = PBXVariantGroup;
			children = (
				3C9B0C851E2A661500D57C9E /* Base */,
			);
			name = Main.storyboard;
			sourceTree = "<group>";
		};
		3C9B0C891E2A661500D57C9E /* LaunchScreen.storyboard */ = {
			isa = PBXVariantGroup;
			children = (
				3C9B0C8A1E2A661500D57C9E /* Base */,
			);
			name = LaunchScreen.storyboard;
			sourceTree = "<group>";
		};
/* End PBXVariantGroup section */

/* Begin XCBuildConfiguration section */
		3C9B0C8D1E2A661500D57C9E /* Debug */ = {
			isa = XCBuildConfiguration;
			buildSettings = {
				ALWAYS_SEARCH_USER_PATHS = NO;
				CLANG_ANALYZER_NONNULL = YES;
				CLANG_CXX_LANGUAGE_STANDARD = "gnu++0x";
				CLANG_CXX_LIBRARY = "libc++";
				CLANG_ENABLE_MODULES = YES;
				CLANG_ENABLE_OBJC_ARC = YES;
				CLANG_WARN_BOOL_CONVERSION = YES;
				CLANG_WARN_CONSTANT_CONVERSION = YES;
				CLANG_WARN_DIRECT_OBJC_ISA_USAGE = YES_ERROR;
				CLANG_WARN_DOCUMENTATION_COMMENTS = YES;
				CLANG_WARN_EMPTY_BODY = YES;
				CLANG_WARN_ENUM_CONVERSION = YES;
				CLANG_WARN_INFINITE_RECURSION = YES;
				CLANG_WARN_INT_CONVERSION = YES;
				CLANG_WARN_OBJC_ROOT_CLASS = YES_ERROR;
				CLANG_WARN_SUSPICIOUS_MOVE = YES;
				CLANG_WARN_UNREACHABLE_CODE = YES;
				CLANG_WARN__DUPLICATE_METHOD_MATCH = YES;
				"CODE_SIGN_IDENTITY[sdk=iphoneos*]" = "iPhone Developer";
				COPY_PHASE_STRIP = NO;
				DEBUG_INFORMATION_FORMAT = dwarf;
				ENABLE_STRICT_OBJC_MSGSEND = YES;
				ENABLE_TESTABILITY = YES;
				GCC_C_LANGUAGE_STANDARD = gnu99;
				GCC_DYNAMIC_NO_PIC = NO;
				GCC_NO_COMMON_BLOCKS = YES;
				GCC_OPTIMIZATION_LEVEL = 0;
				GCC_PREPROCESSOR_DEFINITIONS = (
					"DEBUG=1",
					"$(inherited)",
				);
				GCC_WARN_64_TO_32_BIT_CONVERSION = YES;
				GCC_WARN_ABOUT_RETURN_TYPE = YES_ERROR;
				GCC_WARN_UNDECLARED_SELECTOR = YES;
				GCC_WARN_UNINITIALIZED_AUTOS = YES_AGGRESSIVE;
				GCC_WARN_UNUSED_FUNCTION = YES;
				GCC_WARN_UNUSED_VARIABLE = YES;
				IPHONEOS_DEPLOYMENT_TARGET = 10.2;
				MTL_ENABLE_DEBUG_INFO = YES;
				ONLY_ACTIVE_ARCH = YES;
				SDKROOT = iphoneos;
				SWIFT_ACTIVE_COMPILATION_CONDITIONS = DEBUG;
				SWIFT_OPTIMIZATION_LEVEL = "-Onone";
				TARGETED_DEVICE_FAMILY = "1,2";
			};
			name = Debug;
		};
		3C9B0C8E1E2A661500D57C9E /* Release */ = {
			isa = XCBuildConfiguration;
			buildSettings = {
				ALWAYS_SEARCH_USER_PATHS = NO;
				CLANG_ANALYZER_NONNULL = YES;
				CLANG_CXX_LANGUAGE_STANDARD = "gnu++0x";
				CLANG_CXX_LIBRARY = "libc++";
				CLANG_ENABLE_MODULES = YES;
				CLANG_ENABLE_OBJC_ARC = YES;
				CLANG_WARN_BOOL_CONVERSION = YES;
				CLANG_WARN_CONSTANT_CONVERSION = YES;
				CLANG_WARN_DIRECT_OBJC_ISA_USAGE = YES_ERROR;
				CLANG_WARN_DOCUMENTATION_COMMENTS = YES;
				CLANG_WARN_EMPTY_BODY = YES;
				CLANG_WARN_ENUM_CONVERSION = YES;
				CLANG_WARN_INFINITE_RECURSION = YES;
				CLANG_WARN_INT_CONVERSION = YES;
				CLANG_WARN_OBJC_ROOT_CLASS = YES_ERROR;
				CLANG_WARN_SUSPICIOUS_MOVE = YES;
				CLANG_WARN_UNREACHABLE_CODE = YES;
				CLANG_WARN__DUPLICATE_METHOD_MATCH = YES;
				"CODE_SIGN_IDENTITY[sdk=iphoneos*]" = "iPhone Developer";
				COPY_PHASE_STRIP = NO;
				DEBUG_INFORMATION_FORMAT = "dwarf-with-dsym";
				ENABLE_NS_ASSERTIONS = NO;
				ENABLE_STRICT_OBJC_MSGSEND = YES;
				GCC_C_LANGUAGE_STANDARD = gnu99;
				GCC_NO_COMMON_BLOCKS = YES;
				GCC_WARN_64_TO_32_BIT_CONVERSION = YES;
				GCC_WARN_ABOUT_RETURN_TYPE = YES_ERROR;
				GCC_WARN_UNDECLARED_SELECTOR = YES;
				GCC_WARN_UNINITIALIZED_AUTOS = YES_AGGRESSIVE;
				GCC_WARN_UNUSED_FUNCTION = YES;
				GCC_WARN_UNUSED_VARIABLE = YES;
				IPHONEOS_DEPLOYMENT_TARGET = 10.2;
				MTL_ENABLE_DEBUG_INFO = NO;
				SDKROOT = iphoneos;
				SWIFT_OPTIMIZATION_LEVEL = "-Owholemodule";
				TARGETED_DEVICE_FAMILY = "1,2";
				VALIDATE_PRODUCT = YES;
			};
			name = Release;
		};
		3C9B0C901E2A661500D57C9E /* Debug */ = {
			isa = XCBuildConfiguration;
			buildSettings = {
				ASSETCATALOG_COMPILER_APPICON_NAME = AppIcon;
				INFOPLIST_FILE = "Page View Controllers/Info.plist";
				LD_RUNPATH_SEARCH_PATHS = "$(inherited) @executable_path/Frameworks";
				PRODUCT_BUNDLE_IDENTIFIER = "br.com.unimedmaceio.Page-View-Controllers";
				PRODUCT_NAME = "$(TARGET_NAME)";
				SWIFT_VERSION = 3.0;
			};
			name = Debug;
		};
		3C9B0C911E2A661500D57C9E /* Release */ = {
			isa = XCBuildConfiguration;
			buildSettings = {
				ASSETCATALOG_COMPILER_APPICON_NAME = AppIcon;
				INFOPLIST_FILE = "Page View Controllers/Info.plist";
				LD_RUNPATH_SEARCH_PATHS = "$(inherited) @executable_path/Frameworks";
				PRODUCT_BUNDLE_IDENTIFIER = "br.com.unimedmaceio.Page-View-Controllers";
				PRODUCT_NAME = "$(TARGET_NAME)";
				SWIFT_VERSION = 3.0;
			};
			name = Release;
		};
/* End XCBuildConfiguration section */

/* Begin XCConfigurationList section */
		3C9B0C781E2A661500D57C9E /* Build configuration list for PBXProject "Page View Controllers" */ = {
			isa = XCConfigurationList;
			buildConfigurations = (
				3C9B0C8D1E2A661500D57C9E /* Debug */,
				3C9B0C8E1E2A661500D57C9E /* Release */,
			);
			defaultConfigurationIsVisible = 0;
			defaultConfigurationName = Release;
		};
		3C9B0C8F1E2A661500D57C9E /* Build configuration list for PBXNativeTarget "Page View Controllers" */ = {
			isa = XCConfigurationList;
			buildConfigurations = (
				3C9B0C901E2A661500D57C9E /* Debug */,
				3C9B0C911E2A661500D57C9E /* Release */,
			);
			defaultConfigurationIsVisible = 0;
		};
/* End XCConfigurationList section */
	};
	rootObject = 3C9B0C751E2A661500D57C9E /* Project object */;
}
