// !$*UTF8*$!
{
	archiveVersion = 1;
	classes = {
	};
	objectVersion = 46;
	objects = {

/* Begin PBXBuildFile section */
		3C8946631E2ED42D00FE792D /* AppDelegate.swift in Sources */ = {isa = PBXBuildFile; fileRef = 3C8946621E2ED42D00FE792D /* AppDelegate.swift */; };
		3C8946651E2ED42D00FE792D /* ViewController.swift in Sources */ = {isa = PBXBuildFile; fileRef = 3C8946641E2ED42D00FE792D /* ViewController.swift */; };
		3C8946681E2ED42D00FE792D /* Main.storyboard in Resources */ = {isa = PBXBuildFile; fileRef = 3C8946661E2ED42D00FE792D /* Main.storyboard */; };
		3C89466A1E2ED42D00FE792D /* Assets.xcassets in Resources */ = {isa = PBXBuildFile; fileRef = 3C8946691E2ED42D00FE792D /* Assets.xcassets */; };
		3C89466D1E2ED42D00FE792D /* LaunchScreen.storyboard in Resources */ = {isa = PBXBuildFile; fileRef = 3C89466B1E2ED42D00FE792D /* LaunchScreen.storyboard */; };
/* End PBXBuildFile section */

/* Begin PBXFileReference section */
		3C89465F1E2ED42D00FE792D /* PodsExample.app */ = {isa = PBXFileReference; explicitFileType = wrapper.application; includeInIndex = 0; path = PodsExample.app; sourceTree = BUILT_PRODUCTS_DIR; };
		3C8946621E2ED42D00FE792D /* AppDelegate.swift */ = {isa = PBXFileReference; lastKnownFileType = sourcecode.swift; path = AppDelegate.swift; sourceTree = "<group>"; };
		3C8946641E2ED42D00FE792D /* ViewController.swift */ = {isa = PBXFileReference; lastKnownFileType = sourcecode.swift; path = ViewController.swift; sourceTree = "<group>"; };
		3C8946671E2ED42D00FE792D /* Base */ = {isa = PBXFileReference; lastKnownFileType = file.storyboard; name = Base; path = Base.lproj/Main.storyboard; sourceTree = "<group>"; };
		3C8946691E2ED42D00FE792D /* Assets.xcassets */ = {isa = PBXFileReference; lastKnownFileType = folder.assetcatalog; path = Assets.xcassets; sourceTree = "<group>"; };
		3C89466C1E2ED42D00FE792D /* Base */ = {isa = PBXFileReference; lastKnownFileType = file.storyboard; name = Base; path = Base.lproj/LaunchScreen.storyboard; sourceTree = "<group>"; };
		3C89466E1E2ED42D00FE792D /* Info.plist */ = {isa = PBXFileReference; lastKnownFileType = text.plist.xml; path = Info.plist; sourceTree = "<group>"; };
/* End PBXFileReference section */

/* Begin PBXFrameworksBuildPhase section */
		3C89465C1E2ED42D00FE792D /* Frameworks */ = {
			isa = PBXFrameworksBuildPhase;
			buildActionMask = 2147483647;
			files = (
			);
			runOnlyForDeploymentPostprocessing = 0;
		};
/* End PBXFrameworksBuildPhase section */

/* Begin PBXGroup section */
		3C8946561E2ED42D00FE792D = {
			isa = PBXGroup;
			children = (
				3C8946611E2ED42D00FE792D /* PodsExample */,
				3C8946601E2ED42D00FE792D /* Products */,
			);
			sourceTree = "<group>";
		};
		3C8946601E2ED42D00FE792D /* Products */ = {
			isa = PBXGroup;
			children = (
				3C89465F1E2ED42D00FE792D /* PodsExample.app */,
			);
			name = Products;
			sourceTree = "<group>";
		};
		3C8946611E2ED42D00FE792D /* PodsExample */ = {
			isa = PBXGroup;
			children = (
				3C8946621E2ED42D00FE792D /* AppDelegate.swift */,
				3C8946641E2ED42D00FE792D /* ViewController.swift */,
				3C8946661E2ED42D00FE792D /* Main.storyboard */,
				3C8946691E2ED42D00FE792D /* Assets.xcassets */,
				3C89466B1E2ED42D00FE792D /* LaunchScreen.storyboard */,
				3C89466E1E2ED42D00FE792D /* Info.plist */,
			);
			path = PodsExample;
			sourceTree = "<group>";
		};
/* End PBXGroup section */

/* Begin PBXNativeTarget section */
		3C89465E1E2ED42D00FE792D /* PodsExample */ = {
			isa = PBXNativeTarget;
			buildConfigurationList = 3C8946711E2ED42D00FE792D /* Build configuration list for PBXNativeTarget "PodsExample" */;
			buildPhases = (
				3C89465B1E2ED42D00FE792D /* Sources */,
				3C89465C1E2ED42D00FE792D /* Frameworks */,
				3C89465D1E2ED42D00FE792D /* Resources */,
			);
			buildRules = (
			);
			dependencies = (
			);
			name = PodsExample;
			productName = PodsExample;
			productReference = 3C89465F1E2ED42D00FE792D /* PodsExample.app */;
			productType = "com.apple.product-type.application";
		};
/* End PBXNativeTarget section */

/* Begin PBXProject section */
		3C8946571E2ED42D00FE792D /* Project object */ = {
			isa = PBXProject;
			attributes = {
				LastSwiftUpdateCheck = 0820;
				LastUpgradeCheck = 0820;
				ORGANIZATIONNAME = "Unimed Maceió";
				TargetAttributes = {
					3C89465E1E2ED42D00FE792D = {
						CreatedOnToolsVersion = 8.2.1;
						ProvisioningStyle = Automatic;
					};
				};
			};
			buildConfigurationList = 3C89465A1E2ED42D00FE792D /* Build configuration list for PBXProject "PodsExample" */;
			compatibilityVersion = "Xcode 3.2";
			developmentRegion = English;
			hasScannedForEncodings = 0;
			knownRegions = (
				en,
				Base,
			);
			mainGroup = 3C8946561E2ED42D00FE792D;
			productRefGroup = 3C8946601E2ED42D00FE792D /* Products */;
			projectDirPath = "";
			projectRoot = "";
			targets = (
				3C89465E1E2ED42D00FE792D /* PodsExample */,
			);
		};
/* End PBXProject section */

/* Begin PBXResourcesBuildPhase section */
		3C89465D1E2ED42D00FE792D /* Resources */ = {
			isa = PBXResourcesBuildPhase;
			buildActionMask = 2147483647;
			files = (
				3C89466D1E2ED42D00FE792D /* LaunchScreen.storyboard in Resources */,
				3C89466A1E2ED42D00FE792D /* Assets.xcassets in Resources */,
				3C8946681E2ED42D00FE792D /* Main.storyboard in Resources */,
			);
			runOnlyForDeploymentPostprocessing = 0;
		};
/* End PBXResourcesBuildPhase section */

/* Begin PBXSourcesBuildPhase section */
		3C89465B1E2ED42D00FE792D /* Sources */ = {
			isa = PBXSourcesBuildPhase;
			buildActionMask = 2147483647;
			files = (
				3C8946651E2ED42D00FE792D /* ViewController.swift in Sources */,
				3C8946631E2ED42D00FE792D /* AppDelegate.swift in Sources */,
			);
			runOnlyForDeploymentPostprocessing = 0;
		};
/* End PBXSourcesBuildPhase section */

/* Begin PBXVariantGroup section */
		3C8946661E2ED42D00FE792D /* Main.storyboard */ = {
			isa = PBXVariantGroup;
			children = (
				3C8946671E2ED42D00FE792D /* Base */,
			);
			name = Main.storyboard;
			sourceTree = "<group>";
		};
		3C89466B1E2ED42D00FE792D /* LaunchScreen.storyboard */ = {
			isa = PBXVariantGroup;
			children = (
				3C89466C1E2ED42D00FE792D /* Base */,
			);
			name = LaunchScreen.storyboard;
			sourceTree = "<group>";
		};
/* End PBXVariantGroup section */

/* Begin XCBuildConfiguration section */
		3C89466F1E2ED42D00FE792D /* Debug */ = {
			isa = XCBuildConfiguration;
			buildSettings = {
				ALWAYS_SEARCH_USER_PATHS = NO;
				CLANG_ANALYZER_NONNULL = YES;
				CLANG_CXX_LANGUAGE_STANDARD = "gnu++0x";
				CLANG_CXX_LIBRARY = "libc++";
				CLANG_ENABLE_MODULES = YES;
				CLANG_ENABLE_OBJC_ARC = YES;
				CLANG_WARN_BOOL_CONVERSION = YES;
				CLANG_WARN_CONSTANT_CONVERSION = YES;
				CLANG_WARN_DIRECT_OBJC_ISA_USAGE = YES_ERROR;
				CLANG_WARN_DOCUMENTATION_COMMENTS = YES;
				CLANG_WARN_EMPTY_BODY = YES;
				CLANG_WARN_ENUM_CONVERSION = YES;
				CLANG_WARN_INFINITE_RECURSION = YES;
				CLANG_WARN_INT_CONVERSION = YES;
				CLANG_WARN_OBJC_ROOT_CLASS = YES_ERROR;
				CLANG_WARN_SUSPICIOUS_MOVE = YES;
				CLANG_WARN_UNREACHABLE_CODE = YES;
				CLANG_WARN__DUPLICATE_METHOD_MATCH = YES;
				"CODE_SIGN_IDENTITY[sdk=iphoneos*]" = "iPhone Developer";
				COPY_PHASE_STRIP = NO;
				DEBUG_INFORMATION_FORMAT = dwarf;
				ENABLE_STRICT_OBJC_MSGSEND = YES;
				ENABLE_TESTABILITY = YES;
				GCC_C_LANGUAGE_STANDARD = gnu99;
				GCC_DYNAMIC_NO_PIC = NO;
				GCC_NO_COMMON_BLOCKS = YES;
				GCC_OPTIMIZATION_LEVEL = 0;
				GCC_PREPROCESSOR_DEFINITIONS = (
					"DEBUG=1",
					"$(inherited)",
				);
				GCC_WARN_64_TO_32_BIT_CONVERSION = YES;
				GCC_WARN_ABOUT_RETURN_TYPE = YES_ERROR;
				GCC_WARN_UNDECLARED_SELECTOR = YES;
				GCC_WARN_UNINITIALIZED_AUTOS = YES_AGGRESSIVE;
				GCC_WARN_UNUSED_FUNCTION = YES;
				GCC_WARN_UNUSED_VARIABLE = YES;
				IPHONEOS_DEPLOYMENT_TARGET = 10.2;
				MTL_ENABLE_DEBUG_INFO = YES;
				ONLY_ACTIVE_ARCH = YES;
				SDKROOT = iphoneos;
				SWIFT_ACTIVE_COMPILATION_CONDITIONS = DEBUG;
				SWIFT_OPTIMIZATION_LEVEL = "-Onone";
				TARGETED_DEVICE_FAMILY = "1,2";
			};
			name = Debug;
		};
		3C8946701E2ED42D00FE792D /* Release */ = {
			isa = XCBuildConfiguration;
			buildSettings = {
				ALWAYS_SEARCH_USER_PATHS = NO;
				CLANG_ANALYZER_NONNULL = YES;
				CLANG_CXX_LANGUAGE_STANDARD = "gnu++0x";
				CLANG_CXX_LIBRARY = "libc++";
				CLANG_ENABLE_MODULES = YES;
				CLANG_ENABLE_OBJC_ARC = YES;
				CLANG_WARN_BOOL_CONVERSION = YES;
				CLANG_WARN_CONSTANT_CONVERSION = YES;
				CLANG_WARN_DIRECT_OBJC_ISA_USAGE = YES_ERROR;
				CLANG_WARN_DOCUMENTATION_COMMENTS = YES;
				CLANG_WARN_EMPTY_BODY = YES;
				CLANG_WARN_ENUM_CONVERSION = YES;
				CLANG_WARN_INFINITE_RECURSION = YES;
				CLANG_WARN_INT_CONVERSION = YES;
				CLANG_WARN_OBJC_ROOT_CLASS = YES_ERROR;
				CLANG_WARN_SUSPICIOUS_MOVE = YES;
				CLANG_WARN_UNREACHABLE_CODE = YES;
				CLANG_WARN__DUPLICATE_METHOD_MATCH = YES;
				"CODE_SIGN_IDENTITY[sdk=iphoneos*]" = "iPhone Developer";
				COPY_PHASE_STRIP = NO;
				DEBUG_INFORMATION_FORMAT = "dwarf-with-dsym";
				ENABLE_NS_ASSERTIONS = NO;
				ENABLE_STRICT_OBJC_MSGSEND = YES;
				GCC_C_LANGUAGE_STANDARD = gnu99;
				GCC_NO_COMMON_BLOCKS = YES;
				GCC_WARN_64_TO_32_BIT_CONVERSION = YES;
				GCC_WARN_ABOUT_RETURN_TYPE = YES_ERROR;
				GCC_WARN_UNDECLARED_SELECTOR = YES;
				GCC_WARN_UNINITIALIZED_AUTOS = YES_AGGRESSIVE;
				GCC_WARN_UNUSED_FUNCTION = YES;
				GCC_WARN_UNUSED_VARIABLE = YES;
				IPHONEOS_DEPLOYMENT_TARGET = 10.2;
				MTL_ENABLE_DEBUG_INFO = NO;
				SDKROOT = iphoneos;
				SWIFT_OPTIMIZATION_LEVEL = "-Owholemodule";
				TARGETED_DEVICE_FAMILY = "1,2";
				VALIDATE_PRODUCT = YES;
			};
			name = Release;
		};
		3C8946721E2ED42D00FE792D /* Debug */ = {
			isa = XCBuildConfiguration;
			buildSettings = {
				ASSETCATALOG_COMPILER_APPICON_NAME = AppIcon;
				INFOPLIST_FILE = PodsExample/Info.plist;
				LD_RUNPATH_SEARCH_PATHS = "$(inherited) @executable_path/Frameworks";
				PRODUCT_BUNDLE_IDENTIFIER = br.com.unimedmaceio.PodsExample;
				PRODUCT_NAME = "$(TARGET_NAME)";
				SWIFT_VERSION = 3.0;
			};
			name = Debug;
		};
		3C8946731E2ED42D00FE792D /* Release */ = {
			isa = XCBuildConfiguration;
			buildSettings = {
				ASSETCATALOG_COMPILER_APPICON_NAME = AppIcon;
				INFOPLIST_FILE = PodsExample/Info.plist;
				LD_RUNPATH_SEARCH_PATHS = "$(inherited) @executable_path/Frameworks";
				PRODUCT_BUNDLE_IDENTIFIER = br.com.unimedmaceio.PodsExample;
				PRODUCT_NAME = "$(TARGET_NAME)";
				SWIFT_VERSION = 3.0;
			};
			name = Release;
		};
/* End XCBuildConfiguration section */

/* Begin XCConfigurationList section */
		3C89465A1E2ED42D00FE792D /* Build configuration list for PBXProject "PodsExample" */ = {
			isa = XCConfigurationList;
			buildConfigurations = (
				3C89466F1E2ED42D00FE792D /* Debug */,
				3C8946701E2ED42D00FE792D /* Release */,
			);
			defaultConfigurationIsVisible = 0;
			defaultConfigurationName = Release;
		};
		3C8946711E2ED42D00FE792D /* Build configuration list for PBXNativeTarget "PodsExample" */ = {
			isa = XCConfigurationList;
			buildConfigurations = (
				3C8946721E2ED42D00FE792D /* Debug */,
				3C8946731E2ED42D00FE792D /* Release */,
			);
			defaultConfigurationIsVisible = 0;
		};
/* End XCConfigurationList section */
	};
	rootObject = 3C8946571E2ED42D00FE792D /* Project object */;
}
