// !$*UTF8*$!
{
	archiveVersion = 1;
	classes = {
	};
	objectVersion = 46;
	objects = {

/* Begin PBXBuildFile section */
		3C6537591E133F5600205381 /* AppDelegate.swift in Sources */ = {isa = PBXBuildFile; fileRef = 3C6537581E133F5600205381 /* AppDelegate.swift */; };
		3C65375B1E133F5600205381 /* ViewController.swift in Sources */ = {isa = PBXBuildFile; fileRef = 3C65375A1E133F5600205381 /* ViewController.swift */; };
		3C65375E1E133F5600205381 /* Main.storyboard in Resources */ = {isa = PBXBuildFile; fileRef = 3C65375C1E133F5600205381 /* Main.storyboard */; };
		3C6537601E133F5600205381 /* Assets.xcassets in Resources */ = {isa = PBXBuildFile; fileRef = 3C65375F1E133F5600205381 /* Assets.xcassets */; };
		3C6537631E133F5600205381 /* LaunchScreen.storyboard in Resources */ = {isa = PBXBuildFile; fileRef = 3C6537611E133F5600205381 /* LaunchScreen.storyboard */; };
		3C86B3C11E1B2E42000E0BCB /* CoreLocation.framework in Frameworks */ = {isa = PBXBuildFile; fileRef = 3C86B3C01E1B2E42000E0BCB /* CoreLocation.framework */; };
/* End PBXBuildFile section */

/* Begin PBXFileReference section */
		3C6537551E133F5600205381 /* Onde Eu Estou.app */ = {isa = PBXFileReference; explicitFileType = wrapper.application; includeInIndex = 0; path = "Onde Eu Estou.app"; sourceTree = BUILT_PRODUCTS_DIR; };
		3C6537581E133F5600205381 /* AppDelegate.swift */ = {isa = PBXFileReference; lastKnownFileType = sourcecode.swift; path = AppDelegate.swift; sourceTree = "<group>"; };
		3C65375A1E133F5600205381 /* ViewController.swift */ = {isa = PBXFileReference; lastKnownFileType = sourcecode.swift; path = ViewController.swift; sourceTree = "<group>"; };
		3C65375D1E133F5600205381 /* Base */ = {isa = PBXFileReference; lastKnownFileType = file.storyboard; name = Base; path = Base.lproj/Main.storyboard; sourceTree = "<group>"; };
		3C65375F1E133F5600205381 /* Assets.xcassets */ = {isa = PBXFileReference; lastKnownFileType = folder.assetcatalog; path = Assets.xcassets; sourceTree = "<group>"; };
		3C6537621E133F5600205381 /* Base */ = {isa = PBXFileReference; lastKnownFileType = file.storyboard; name = Base; path = Base.lproj/LaunchScreen.storyboard; sourceTree = "<group>"; };
		3C6537641E133F5600205381 /* Info.plist */ = {isa = PBXFileReference; lastKnownFileType = text.plist.xml; path = Info.plist; sourceTree = "<group>"; };
		3C86B3C01E1B2E42000E0BCB /* CoreLocation.framework */ = {isa = PBXFileReference; lastKnownFileType = wrapper.framework; name = CoreLocation.framework; path = System/Library/Frameworks/CoreLocation.framework; sourceTree = SDKROOT; };
/* End PBXFileReference section */

/* Begin PBXFrameworksBuildPhase section */
		3C6537521E133F5600205381 /* Frameworks */ = {
			isa = PBXFrameworksBuildPhase;
			buildActionMask = 2147483647;
			files = (
				3C86B3C11E1B2E42000E0BCB /* CoreLocation.framework in Frameworks */,
			);
			runOnlyForDeploymentPostprocessing = 0;
		};
/* End PBXFrameworksBuildPhase section */

/* Begin PBXGroup section */
		3C65374C1E133F5600205381 = {
			isa = PBXGroup;
			children = (
				3C6537571E133F5600205381 /* Onde Eu Estou */,
				3C6537561E133F5600205381 /* Products */,
				3C86B3BF1E1B2E42000E0BCB /* Frameworks */,
			);
			sourceTree = "<group>";
		};
		3C6537561E133F5600205381 /* Products */ = {
			isa = PBXGroup;
			children = (
				3C6537551E133F5600205381 /* Onde Eu Estou.app */,
			);
			name = Products;
			sourceTree = "<group>";
		};
		3C6537571E133F5600205381 /* Onde Eu Estou */ = {
			isa = PBXGroup;
			children = (
				3C6537581E133F5600205381 /* AppDelegate.swift */,
				3C65375A1E133F5600205381 /* ViewController.swift */,
				3C65375C1E133F5600205381 /* Main.storyboard */,
				3C65375F1E133F5600205381 /* Assets.xcassets */,
				3C6537611E133F5600205381 /* LaunchScreen.storyboard */,
				3C6537641E133F5600205381 /* Info.plist */,
			);
			path = "Onde Eu Estou";
			sourceTree = "<group>";
		};
		3C86B3BF1E1B2E42000E0BCB /* Frameworks */ = {
			isa = PBXGroup;
			children = (
				3C86B3C01E1B2E42000E0BCB /* CoreLocation.framework */,
			);
			name = Frameworks;
			sourceTree = "<group>";
		};
/* End PBXGroup section */

/* Begin PBXNativeTarget section */
		3C6537541E133F5600205381 /* Onde Eu Estou */ = {
			isa = PBXNativeTarget;
			buildConfigurationList = 3C6537671E133F5600205381 /* Build configuration list for PBXNativeTarget "Onde Eu Estou" */;
			buildPhases = (
				3C6537511E133F5600205381 /* Sources */,
				3C6537521E133F5600205381 /* Frameworks */,
				3C6537531E133F5600205381 /* Resources */,
			);
			buildRules = (
			);
			dependencies = (
			);
			name = "Onde Eu Estou";
			productName = "Onde Eu Estou";
			productReference = 3C6537551E133F5600205381 /* Onde Eu Estou.app */;
			productType = "com.apple.product-type.application";
		};
/* End PBXNativeTarget section */

/* Begin PBXProject section */
		3C65374D1E133F5600205381 /* Project object */ = {
			isa = PBXProject;
			attributes = {
				LastSwiftUpdateCheck = 0820;
				LastUpgradeCheck = 0820;
				ORGANIZATIONNAME = Lotbox;
				TargetAttributes = {
					3C6537541E133F5600205381 = {
						CreatedOnToolsVersion = 8.2.1;
						ProvisioningStyle = Automatic;
					};
				};
			};
			buildConfigurationList = 3C6537501E133F5600205381 /* Build configuration list for PBXProject "Onde Eu Estou" */;
			compatibilityVersion = "Xcode 3.2";
			developmentRegion = English;
			hasScannedForEncodings = 0;
			knownRegions = (
				en,
				Base,
			);
			mainGroup = 3C65374C1E133F5600205381;
			productRefGroup = 3C6537561E133F5600205381 /* Products */;
			projectDirPath = "";
			projectRoot = "";
			targets = (
				3C6537541E133F5600205381 /* Onde Eu Estou */,
			);
		};
/* End PBXProject section */

/* Begin PBXResourcesBuildPhase section */
		3C6537531E133F5600205381 /* Resources */ = {
			isa = PBXResourcesBuildPhase;
			buildActionMask = 2147483647;
			files = (
				3C6537631E133F5600205381 /* LaunchScreen.storyboard in Resources */,
				3C6537601E133F5600205381 /* Assets.xcassets in Resources */,
				3C65375E1E133F5600205381 /* Main.storyboard in Resources */,
			);
			runOnlyForDeploymentPostprocessing = 0;
		};
/* End PBXResourcesBuildPhase section */

/* Begin PBXSourcesBuildPhase section */
		3C6537511E133F5600205381 /* Sources */ = {
			isa = PBXSourcesBuildPhase;
			buildActionMask = 2147483647;
			files = (
				3C65375B1E133F5600205381 /* ViewController.swift in Sources */,
				3C6537591E133F5600205381 /* AppDelegate.swift in Sources */,
			);
			runOnlyForDeploymentPostprocessing = 0;
		};
/* End PBXSourcesBuildPhase section */

/* Begin PBXVariantGroup section */
		3C65375C1E133F5600205381 /* Main.storyboard */ = {
			isa = PBXVariantGroup;
			children = (
				3C65375D1E133F5600205381 /* Base */,
			);
			name = Main.storyboard;
			sourceTree = "<group>";
		};
		3C6537611E133F5600205381 /* LaunchScreen.storyboard */ = {
			isa = PBXVariantGroup;
			children = (
				3C6537621E133F5600205381 /* Base */,
			);
			name = LaunchScreen.storyboard;
			sourceTree = "<group>";
		};
/* End PBXVariantGroup section */

/* Begin XCBuildConfiguration section */
		3C6537651E133F5600205381 /* Debug */ = {
			isa = XCBuildConfiguration;
			buildSettings = {
				ALWAYS_SEARCH_USER_PATHS = NO;
				CLANG_ANALYZER_NONNULL = YES;
				CLANG_CXX_LANGUAGE_STANDARD = "gnu++0x";
				CLANG_CXX_LIBRARY = "libc++";
				CLANG_ENABLE_MODULES = YES;
				CLANG_ENABLE_OBJC_ARC = YES;
				CLANG_WARN_BOOL_CONVERSION = YES;
				CLANG_WARN_CONSTANT_CONVERSION = YES;
				CLANG_WARN_DIRECT_OBJC_ISA_USAGE = YES_ERROR;
				CLANG_WARN_DOCUMENTATION_COMMENTS = YES;
				CLANG_WARN_EMPTY_BODY = YES;
				CLANG_WARN_ENUM_CONVERSION = YES;
				CLANG_WARN_INFINITE_RECURSION = YES;
				CLANG_WARN_INT_CONVERSION = YES;
				CLANG_WARN_OBJC_ROOT_CLASS = YES_ERROR;
				CLANG_WARN_SUSPICIOUS_MOVE = YES;
				CLANG_WARN_UNREACHABLE_CODE = YES;
				CLANG_WARN__DUPLICATE_METHOD_MATCH = YES;
				"CODE_SIGN_IDENTITY[sdk=iphoneos*]" = "iPhone Developer";
				COPY_PHASE_STRIP = NO;
				DEBUG_INFORMATION_FORMAT = dwarf;
				ENABLE_STRICT_OBJC_MSGSEND = YES;
				ENABLE_TESTABILITY = YES;
				GCC_C_LANGUAGE_STANDARD = gnu99;
				GCC_DYNAMIC_NO_PIC = NO;
				GCC_NO_COMMON_BLOCKS = YES;
				GCC_OPTIMIZATION_LEVEL = 0;
				GCC_PREPROCESSOR_DEFINITIONS = (
					"DEBUG=1",
					"$(inherited)",
				);
				GCC_WARN_64_TO_32_BIT_CONVERSION = YES;
				GCC_WARN_ABOUT_RETURN_TYPE = YES_ERROR;
				GCC_WARN_UNDECLARED_SELECTOR = YES;
				GCC_WARN_UNINITIALIZED_AUTOS = YES_AGGRESSIVE;
				GCC_WARN_UNUSED_FUNCTION = YES;
				GCC_WARN_UNUSED_VARIABLE = YES;
				IPHONEOS_DEPLOYMENT_TARGET = 10.2;
				MTL_ENABLE_DEBUG_INFO = YES;
				ONLY_ACTIVE_ARCH = YES;
				SDKROOT = iphoneos;
				SWIFT_ACTIVE_COMPILATION_CONDITIONS = DEBUG;
				SWIFT_OPTIMIZATION_LEVEL = "-Onone";
			};
			name = Debug;
		};
		3C6537661E133F5600205381 /* Release */ = {
			isa = XCBuildConfiguration;
			buildSettings = {
				ALWAYS_SEARCH_USER_PATHS = NO;
				CLANG_ANALYZER_NONNULL = YES;
				CLANG_CXX_LANGUAGE_STANDARD = "gnu++0x";
				CLANG_CXX_LIBRARY = "libc++";
				CLANG_ENABLE_MODULES = YES;
				CLANG_ENABLE_OBJC_ARC = YES;
				CLANG_WARN_BOOL_CONVERSION = YES;
				CLANG_WARN_CONSTANT_CONVERSION = YES;
				CLANG_WARN_DIRECT_OBJC_ISA_USAGE = YES_ERROR;
				CLANG_WARN_DOCUMENTATION_COMMENTS = YES;
				CLANG_WARN_EMPTY_BODY = YES;
				CLANG_WARN_ENUM_CONVERSION = YES;
				CLANG_WARN_INFINITE_RECURSION = YES;
				CLANG_WARN_INT_CONVERSION = YES;
				CLANG_WARN_OBJC_ROOT_CLASS = YES_ERROR;
				CLANG_WARN_SUSPICIOUS_MOVE = YES;
				CLANG_WARN_UNREACHABLE_CODE = YES;
				CLANG_WARN__DUPLICATE_METHOD_MATCH = YES;
				"CODE_SIGN_IDENTITY[sdk=iphoneos*]" = "iPhone Developer";
				COPY_PHASE_STRIP = NO;
				DEBUG_INFORMATION_FORMAT = "dwarf-with-dsym";
				ENABLE_NS_ASSERTIONS = NO;
				ENABLE_STRICT_OBJC_MSGSEND = YES;
				GCC_C_LANGUAGE_STANDARD = gnu99;
				GCC_NO_COMMON_BLOCKS = YES;
				GCC_WARN_64_TO_32_BIT_CONVERSION = YES;
				GCC_WARN_ABOUT_RETURN_TYPE = YES_ERROR;
				GCC_WARN_UNDECLARED_SELECTOR = YES;
				GCC_WARN_UNINITIALIZED_AUTOS = YES_AGGRESSIVE;
				GCC_WARN_UNUSED_FUNCTION = YES;
				GCC_WARN_UNUSED_VARIABLE = YES;
				IPHONEOS_DEPLOYMENT_TARGET = 10.2;
				MTL_ENABLE_DEBUG_INFO = NO;
				SDKROOT = iphoneos;
				SWIFT_OPTIMIZATION_LEVEL = "-Owholemodule";
				VALIDATE_PRODUCT = YES;
			};
			name = Release;
		};
		3C6537681E133F5600205381 /* Debug */ = {
			isa = XCBuildConfiguration;
			buildSettings = {
				ASSETCATALOG_COMPILER_APPICON_NAME = AppIcon;
				INFOPLIST_FILE = "Onde Eu Estou/Info.plist";
				LD_RUNPATH_SEARCH_PATHS = "$(inherited) @executable_path/Frameworks";
				PRODUCT_BUNDLE_IDENTIFIER = "com.codetroop.Onde-Eu-Estou";
				PRODUCT_NAME = "$(TARGET_NAME)";
				SWIFT_VERSION = 3.0;
			};
			name = Debug;
		};
		3C6537691E133F5600205381 /* Release */ = {
			isa = XCBuildConfiguration;
			buildSettings = {
				ASSETCATALOG_COMPILER_APPICON_NAME = AppIcon;
				INFOPLIST_FILE = "Onde Eu Estou/Info.plist";
				LD_RUNPATH_SEARCH_PATHS = "$(inherited) @executable_path/Frameworks";
				PRODUCT_BUNDLE_IDENTIFIER = "com.codetroop.Onde-Eu-Estou";
				PRODUCT_NAME = "$(TARGET_NAME)";
				SWIFT_VERSION = 3.0;
			};
			name = Release;
		};
/* End XCBuildConfiguration section */

/* Begin XCConfigurationList section */
		3C6537501E133F5600205381 /* Build configuration list for PBXProject "Onde Eu Estou" */ = {
			isa = XCConfigurationList;
			buildConfigurations = (
				3C6537651E133F5600205381 /* Debug */,
				3C6537661E133F5600205381 /* Release */,
			);
			defaultConfigurationIsVisible = 0;
			defaultConfigurationName = Release;
		};
		3C6537671E133F5600205381 /* Build configuration list for PBXNativeTarget "Onde Eu Estou" */ = {
			isa = XCConfigurationList;
			buildConfigurations = (
				3C6537681E133F5600205381 /* Debug */,
				3C6537691E133F5600205381 /* Release */,
			);
			defaultConfigurationIsVisible = 0;
			defaultConfigurationName = Release;
		};
/* End XCConfigurationList section */
	};
	rootObject = 3C65374D1E133F5600205381 /* Project object */;
}
