// !$*UTF8*$!
{
	archiveVersion = 1;
	classes = {
	};
	objectVersion = 46;
	objects = {

/* Begin PBXBuildFile section */
		3C20CF1C1E1F12F60099C902 /* AppDelegate.swift in Sources */ = {isa = PBXBuildFile; fileRef = 3C20CF1B1E1F12F60099C902 /* AppDelegate.swift */; };
		3C20CF1E1E1F12F60099C902 /* ViewController.swift in Sources */ = {isa = PBXBuildFile; fileRef = 3C20CF1D1E1F12F60099C902 /* ViewController.swift */; };
		3C20CF211E1F12F60099C902 /* Main.storyboard in Resources */ = {isa = PBXBuildFile; fileRef = 3C20CF1F1E1F12F60099C902 /* Main.storyboard */; };
		3C20CF231E1F12F60099C902 /* Assets.xcassets in Resources */ = {isa = PBXBuildFile; fileRef = 3C20CF221E1F12F60099C902 /* Assets.xcassets */; };
		3C20CF261E1F12F60099C902 /* LaunchScreen.storyboard in Resources */ = {isa = PBXBuildFile; fileRef = 3C20CF241E1F12F60099C902 /* LaunchScreen.storyboard */; };
		3C20CF331E1F209F0099C902 /* guia01.png in Resources */ = {isa = PBXBuildFile; fileRef = 3C20CF311E1F209F0099C902 /* guia01.png */; };
		3C20CF341E1F209F0099C902 /* guia02.png in Resources */ = {isa = PBXBuildFile; fileRef = 3C20CF321E1F209F0099C902 /* guia02.png */; };
/* End PBXBuildFile section */

/* Begin PBXFileReference section */
		3C20CF181E1F12F60099C902 /* Animations Society.app */ = {isa = PBXFileReference; explicitFileType = wrapper.application; includeInIndex = 0; path = "Animations Society.app"; sourceTree = BUILT_PRODUCTS_DIR; };
		3C20CF1B1E1F12F60099C902 /* AppDelegate.swift */ = {isa = PBXFileReference; lastKnownFileType = sourcecode.swift; path = AppDelegate.swift; sourceTree = "<group>"; };
		3C20CF1D1E1F12F60099C902 /* ViewController.swift */ = {isa = PBXFileReference; lastKnownFileType = sourcecode.swift; path = ViewController.swift; sourceTree = "<group>"; };
		3C20CF201E1F12F60099C902 /* Base */ = {isa = PBXFileReference; lastKnownFileType = file.storyboard; name = Base; path = Base.lproj/Main.storyboard; sourceTree = "<group>"; };
		3C20CF221E1F12F60099C902 /* Assets.xcassets */ = {isa = PBXFileReference; lastKnownFileType = folder.assetcatalog; path = Assets.xcassets; sourceTree = "<group>"; };
		3C20CF251E1F12F60099C902 /* Base */ = {isa = PBXFileReference; lastKnownFileType = file.storyboard; name = Base; path = Base.lproj/LaunchScreen.storyboard; sourceTree = "<group>"; };
		3C20CF271E1F12F60099C902 /* Info.plist */ = {isa = PBXFileReference; lastKnownFileType = text.plist.xml; path = Info.plist; sourceTree = "<group>"; };
		3C20CF311E1F209F0099C902 /* guia01.png */ = {isa = PBXFileReference; lastKnownFileType = image.png; path = guia01.png; sourceTree = "<group>"; };
		3C20CF321E1F209F0099C902 /* guia02.png */ = {isa = PBXFileReference; lastKnownFileType = image.png; path = guia02.png; sourceTree = "<group>"; };
/* End PBXFileReference section */

/* Begin PBXFrameworksBuildPhase section */
		3C20CF151E1F12F60099C902 /* Frameworks */ = {
			isa = PBXFrameworksBuildPhase;
			buildActionMask = 2147483647;
			files = (
			);
			runOnlyForDeploymentPostprocessing = 0;
		};
/* End PBXFrameworksBuildPhase section */

/* Begin PBXGroup section */
		3C20CF0F1E1F12F60099C902 = {
			isa = PBXGroup;
			children = (
				3C20CF1A1E1F12F60099C902 /* Animations Society */,
				3C20CF191E1F12F60099C902 /* Products */,
			);
			sourceTree = "<group>";
		};
		3C20CF191E1F12F60099C902 /* Products */ = {
			isa = PBXGroup;
			children = (
				3C20CF181E1F12F60099C902 /* Animations Society.app */,
			);
			name = Products;
			sourceTree = "<group>";
		};
		3C20CF1A1E1F12F60099C902 /* Animations Society */ = {
			isa = PBXGroup;
			children = (
				3C20CF311E1F209F0099C902 /* guia01.png */,
				3C20CF321E1F209F0099C902 /* guia02.png */,
				3C20CF1B1E1F12F60099C902 /* AppDelegate.swift */,
				3C20CF1D1E1F12F60099C902 /* ViewController.swift */,
				3C20CF1F1E1F12F60099C902 /* Main.storyboard */,
				3C20CF221E1F12F60099C902 /* Assets.xcassets */,
				3C20CF241E1F12F60099C902 /* LaunchScreen.storyboard */,
				3C20CF271E1F12F60099C902 /* Info.plist */,
			);
			path = "Animations Society";
			sourceTree = "<group>";
		};
/* End PBXGroup section */

/* Begin PBXNativeTarget section */
		3C20CF171E1F12F60099C902 /* Animations Society */ = {
			isa = PBXNativeTarget;
			buildConfigurationList = 3C20CF2A1E1F12F60099C902 /* Build configuration list for PBXNativeTarget "Animations Society" */;
			buildPhases = (
				3C20CF141E1F12F60099C902 /* Sources */,
				3C20CF151E1F12F60099C902 /* Frameworks */,
				3C20CF161E1F12F60099C902 /* Resources */,
			);
			buildRules = (
			);
			dependencies = (
			);
			name = "Animations Society";
			productName = "Animations Society";
			productReference = 3C20CF181E1F12F60099C902 /* Animations Society.app */;
			productType = "com.apple.product-type.application";
		};
/* End PBXNativeTarget section */

/* Begin PBXProject section */
		3C20CF101E1F12F60099C902 /* Project object */ = {
			isa = PBXProject;
			attributes = {
				LastSwiftUpdateCheck = 0820;
				LastUpgradeCheck = 0820;
				ORGANIZATIONNAME = Unimed;
				TargetAttributes = {
					3C20CF171E1F12F60099C902 = {
						CreatedOnToolsVersion = 8.2.1;
						ProvisioningStyle = Automatic;
					};
				};
			};
			buildConfigurationList = 3C20CF131E1F12F60099C902 /* Build configuration list for PBXProject "Animations Society" */;
			compatibilityVersion = "Xcode 3.2";
			developmentRegion = English;
			hasScannedForEncodings = 0;
			knownRegions = (
				en,
				Base,
			);
			mainGroup = 3C20CF0F1E1F12F60099C902;
			productRefGroup = 3C20CF191E1F12F60099C902 /* Products */;
			projectDirPath = "";
			projectRoot = "";
			targets = (
				3C20CF171E1F12F60099C902 /* Animations Society */,
			);
		};
/* End PBXProject section */

/* Begin PBXResourcesBuildPhase section */
		3C20CF161E1F12F60099C902 /* Resources */ = {
			isa = PBXResourcesBuildPhase;
			buildActionMask = 2147483647;
			files = (
				3C20CF341E1F209F0099C902 /* guia02.png in Resources */,
				3C20CF331E1F209F0099C902 /* guia01.png in Resources */,
				3C20CF261E1F12F60099C902 /* LaunchScreen.storyboard in Resources */,
				3C20CF231E1F12F60099C902 /* Assets.xcassets in Resources */,
				3C20CF211E1F12F60099C902 /* Main.storyboard in Resources */,
			);
			runOnlyForDeploymentPostprocessing = 0;
		};
/* End PBXResourcesBuildPhase section */

/* Begin PBXSourcesBuildPhase section */
		3C20CF141E1F12F60099C902 /* Sources */ = {
			isa = PBXSourcesBuildPhase;
			buildActionMask = 2147483647;
			files = (
				3C20CF1E1E1F12F60099C902 /* ViewController.swift in Sources */,
				3C20CF1C1E1F12F60099C902 /* AppDelegate.swift in Sources */,
			);
			runOnlyForDeploymentPostprocessing = 0;
		};
/* End PBXSourcesBuildPhase section */

/* Begin PBXVariantGroup section */
		3C20CF1F1E1F12F60099C902 /* Main.storyboard */ = {
			isa = PBXVariantGroup;
			children = (
				3C20CF201E1F12F60099C902 /* Base */,
			);
			name = Main.storyboard;
			sourceTree = "<group>";
		};
		3C20CF241E1F12F60099C902 /* LaunchScreen.storyboard */ = {
			isa = PBXVariantGroup;
			children = (
				3C20CF251E1F12F60099C902 /* Base */,
			);
			name = LaunchScreen.storyboard;
			sourceTree = "<group>";
		};
/* End PBXVariantGroup section */

/* Begin XCBuildConfiguration section */
		3C20CF281E1F12F60099C902 /* Debug */ = {
			isa = XCBuildConfiguration;
			buildSettings = {
				ALWAYS_SEARCH_USER_PATHS = NO;
				CLANG_ANALYZER_NONNULL = YES;
				CLANG_CXX_LANGUAGE_STANDARD = "gnu++0x";
				CLANG_CXX_LIBRARY = "libc++";
				CLANG_ENABLE_MODULES = YES;
				CLANG_ENABLE_OBJC_ARC = YES;
				CLANG_WARN_BOOL_CONVERSION = YES;
				CLANG_WARN_CONSTANT_CONVERSION = YES;
				CLANG_WARN_DIRECT_OBJC_ISA_USAGE = YES_ERROR;
				CLANG_WARN_DOCUMENTATION_COMMENTS = YES;
				CLANG_WARN_EMPTY_BODY = YES;
				CLANG_WARN_ENUM_CONVERSION = YES;
				CLANG_WARN_INFINITE_RECURSION = YES;
				CLANG_WARN_INT_CONVERSION = YES;
				CLANG_WARN_OBJC_ROOT_CLASS = YES_ERROR;
				CLANG_WARN_SUSPICIOUS_MOVE = YES;
				CLANG_WARN_UNREACHABLE_CODE = YES;
				CLANG_WARN__DUPLICATE_METHOD_MATCH = YES;
				"CODE_SIGN_IDENTITY[sdk=iphoneos*]" = "iPhone Developer";
				COPY_PHASE_STRIP = NO;
				DEBUG_INFORMATION_FORMAT = dwarf;
				ENABLE_STRICT_OBJC_MSGSEND = YES;
				ENABLE_TESTABILITY = YES;
				GCC_C_LANGUAGE_STANDARD = gnu99;
				GCC_DYNAMIC_NO_PIC = NO;
				GCC_NO_COMMON_BLOCKS = YES;
				GCC_OPTIMIZATION_LEVEL = 0;
				GCC_PREPROCESSOR_DEFINITIONS = (
					"DEBUG=1",
					"$(inherited)",
				);
				GCC_WARN_64_TO_32_BIT_CONVERSION = YES;
				GCC_WARN_ABOUT_RETURN_TYPE = YES_ERROR;
				GCC_WARN_UNDECLARED_SELECTOR = YES;
				GCC_WARN_UNINITIALIZED_AUTOS = YES_AGGRESSIVE;
				GCC_WARN_UNUSED_FUNCTION = YES;
				GCC_WARN_UNUSED_VARIABLE = YES;
				IPHONEOS_DEPLOYMENT_TARGET = 10.2;
				MTL_ENABLE_DEBUG_INFO = YES;
				ONLY_ACTIVE_ARCH = YES;
				SDKROOT = iphoneos;
				SWIFT_ACTIVE_COMPILATION_CONDITIONS = DEBUG;
				SWIFT_OPTIMIZATION_LEVEL = "-Onone";
			};
			name = Debug;
		};
		3C20CF291E1F12F60099C902 /* Release */ = {
			isa = XCBuildConfiguration;
			buildSettings = {
				ALWAYS_SEARCH_USER_PATHS = NO;
				CLANG_ANALYZER_NONNULL = YES;
				CLANG_CXX_LANGUAGE_STANDARD = "gnu++0x";
				CLANG_CXX_LIBRARY = "libc++";
				CLANG_ENABLE_MODULES = YES;
				CLANG_ENABLE_OBJC_ARC = YES;
				CLANG_WARN_BOOL_CONVERSION = YES;
				CLANG_WARN_CONSTANT_CONVERSION = YES;
				CLANG_WARN_DIRECT_OBJC_ISA_USAGE = YES_ERROR;
				CLANG_WARN_DOCUMENTATION_COMMENTS = YES;
				CLANG_WARN_EMPTY_BODY = YES;
				CLANG_WARN_ENUM_CONVERSION = YES;
				CLANG_WARN_INFINITE_RECURSION = YES;
				CLANG_WARN_INT_CONVERSION = YES;
				CLANG_WARN_OBJC_ROOT_CLASS = YES_ERROR;
				CLANG_WARN_SUSPICIOUS_MOVE = YES;
				CLANG_WARN_UNREACHABLE_CODE = YES;
				CLANG_WARN__DUPLICATE_METHOD_MATCH = YES;
				"CODE_SIGN_IDENTITY[sdk=iphoneos*]" = "iPhone Developer";
				COPY_PHASE_STRIP = NO;
				DEBUG_INFORMATION_FORMAT = "dwarf-with-dsym";
				ENABLE_NS_ASSERTIONS = NO;
				ENABLE_STRICT_OBJC_MSGSEND = YES;
				GCC_C_LANGUAGE_STANDARD = gnu99;
				GCC_NO_COMMON_BLOCKS = YES;
				GCC_WARN_64_TO_32_BIT_CONVERSION = YES;
				GCC_WARN_ABOUT_RETURN_TYPE = YES_ERROR;
				GCC_WARN_UNDECLARED_SELECTOR = YES;
				GCC_WARN_UNINITIALIZED_AUTOS = YES_AGGRESSIVE;
				GCC_WARN_UNUSED_FUNCTION = YES;
				GCC_WARN_UNUSED_VARIABLE = YES;
				IPHONEOS_DEPLOYMENT_TARGET = 10.2;
				MTL_ENABLE_DEBUG_INFO = NO;
				SDKROOT = iphoneos;
				SWIFT_OPTIMIZATION_LEVEL = "-Owholemodule";
				VALIDATE_PRODUCT = YES;
			};
			name = Release;
		};
		3C20CF2B1E1F12F60099C902 /* Debug */ = {
			isa = XCBuildConfiguration;
			buildSettings = {
				ASSETCATALOG_COMPILER_APPICON_NAME = AppIcon;
				INFOPLIST_FILE = "Animations Society/Info.plist";
				LD_RUNPATH_SEARCH_PATHS = "$(inherited) @executable_path/Frameworks";
				PRODUCT_BUNDLE_IDENTIFIER = "com.unimedmaceio.Animations-Society";
				PRODUCT_NAME = "$(TARGET_NAME)";
				SWIFT_VERSION = 3.0;
			};
			name = Debug;
		};
		3C20CF2C1E1F12F60099C902 /* Release */ = {
			isa = XCBuildConfiguration;
			buildSettings = {
				ASSETCATALOG_COMPILER_APPICON_NAME = AppIcon;
				INFOPLIST_FILE = "Animations Society/Info.plist";
				LD_RUNPATH_SEARCH_PATHS = "$(inherited) @executable_path/Frameworks";
				PRODUCT_BUNDLE_IDENTIFIER = "com.unimedmaceio.Animations-Society";
				PRODUCT_NAME = "$(TARGET_NAME)";
				SWIFT_VERSION = 3.0;
			};
			name = Release;
		};
/* End XCBuildConfiguration section */

/* Begin XCConfigurationList section */
		3C20CF131E1F12F60099C902 /* Build configuration list for PBXProject "Animations Society" */ = {
			isa = XCConfigurationList;
			buildConfigurations = (
				3C20CF281E1F12F60099C902 /* Debug */,
				3C20CF291E1F12F60099C902 /* Release */,
			);
			defaultConfigurationIsVisible = 0;
			defaultConfigurationName = Release;
		};
		3C20CF2A1E1F12F60099C902 /* Build configuration list for PBXNativeTarget "Animations Society" */ = {
			isa = XCConfigurationList;
			buildConfigurations = (
				3C20CF2B1E1F12F60099C902 /* Debug */,
				3C20CF2C1E1F12F60099C902 /* Release */,
			);
			defaultConfigurationIsVisible = 0;
		};
/* End XCConfigurationList section */
	};
	rootObject = 3C20CF101E1F12F60099C902 /* Project object */;
}
