// !$*UTF8*$!
{
	archiveVersion = 1;
	classes = {
	};
	objectVersion = 46;
	objects = {

/* Begin PBXBuildFile section */
		C71CF4496394034F1059AA4C /* Pods_PodsExample.framework in Frameworks */ = {isa = PBXBuildFile; fileRef = 63499A056D2F9F7D3F3B3D07 /* Pods_PodsExample.framework */; };
		FEB4CE591E2ED42E00790999 /* AppDelegate.swift in Sources */ = {isa = PBXBuildFile; fileRef = FEB4CE581E2ED42E00790999 /* AppDelegate.swift */; };
		FEB4CE5B1E2ED42E00790999 /* ViewController.swift in Sources */ = {isa = PBXBuildFile; fileRef = FEB4CE5A1E2ED42E00790999 /* ViewController.swift */; };
		FEB4CE5E1E2ED42E00790999 /* Main.storyboard in Resources */ = {isa = PBXBuildFile; fileRef = FEB4CE5C1E2ED42E00790999 /* Main.storyboard */; };
		FEB4CE611E2ED42E00790999 /* PodsExample.xcdatamodeld in Sources */ = {isa = PBXBuildFile; fileRef = FEB4CE5F1E2ED42E00790999 /* PodsExample.xcdatamodeld */; };
		FEB4CE631E2ED42E00790999 /* Assets.xcassets in Resources */ = {isa = PBXBuildFile; fileRef = FEB4CE621E2ED42E00790999 /* Assets.xcassets */; };
		FEB4CE661E2ED42E00790999 /* LaunchScreen.storyboard in Resources */ = {isa = PBXBuildFile; fileRef = FEB4CE641E2ED42E00790999 /* LaunchScreen.storyboard */; };
/* End PBXBuildFile section */

/* Begin PBXFileReference section */
		63499A056D2F9F7D3F3B3D07 /* Pods_PodsExample.framework */ = {isa = PBXFileReference; explicitFileType = wrapper.framework; includeInIndex = 0; path = Pods_PodsExample.framework; sourceTree = BUILT_PRODUCTS_DIR; };
		7BD66EF858469B3802F058AA /* Pods-PodsExample.debug.xcconfig */ = {isa = PBXFileReference; includeInIndex = 1; lastKnownFileType = text.xcconfig; name = "Pods-PodsExample.debug.xcconfig"; path = "Pods/Target Support Files/Pods-PodsExample/Pods-PodsExample.debug.xcconfig"; sourceTree = "<group>"; };
		B6E4FA6A0FC6755DCB094D8B /* Pods-PodsExample.release.xcconfig */ = {isa = PBXFileReference; includeInIndex = 1; lastKnownFileType = text.xcconfig; name = "Pods-PodsExample.release.xcconfig"; path = "Pods/Target Support Files/Pods-PodsExample/Pods-PodsExample.release.xcconfig"; sourceTree = "<group>"; };
		FEB4CE551E2ED42E00790999 /* PodsExample.app */ = {isa = PBXFileReference; explicitFileType = wrapper.application; includeInIndex = 0; path = PodsExample.app; sourceTree = BUILT_PRODUCTS_DIR; };
		FEB4CE581E2ED42E00790999 /* AppDelegate.swift */ = {isa = PBXFileReference; lastKnownFileType = sourcecode.swift; path = AppDelegate.swift; sourceTree = "<group>"; };
		FEB4CE5A1E2ED42E00790999 /* ViewController.swift */ = {isa = PBXFileReference; lastKnownFileType = sourcecode.swift; path = ViewController.swift; sourceTree = "<group>"; };
		FEB4CE5D1E2ED42E00790999 /* Base */ = {isa = PBXFileReference; lastKnownFileType = file.storyboard; name = Base; path = Base.lproj/Main.storyboard; sourceTree = "<group>"; };
		FEB4CE601E2ED42E00790999 /* PodsExample.xcdatamodel */ = {isa = PBXFileReference; lastKnownFileType = wrapper.xcdatamodel; path = PodsExample.xcdatamodel; sourceTree = "<group>"; };
		FEB4CE621E2ED42E00790999 /* Assets.xcassets */ = {isa = PBXFileReference; lastKnownFileType = folder.assetcatalog; path = Assets.xcassets; sourceTree = "<group>"; };
		FEB4CE651E2ED42E00790999 /* Base */ = {isa = PBXFileReference; lastKnownFileType = file.storyboard; name = Base; path = Base.lproj/LaunchScreen.storyboard; sourceTree = "<group>"; };
		FEB4CE671E2ED42E00790999 /* Info.plist */ = {isa = PBXFileReference; lastKnownFileType = text.plist.xml; path = Info.plist; sourceTree = "<group>"; };
/* End PBXFileReference section */

/* Begin PBXFrameworksBuildPhase section */
		FEB4CE521E2ED42D00790999 /* Frameworks */ = {
			isa = PBXFrameworksBuildPhase;
			buildActionMask = 2147483647;
			files = (
				C71CF4496394034F1059AA4C /* Pods_PodsExample.framework in Frameworks */,
			);
			runOnlyForDeploymentPostprocessing = 0;
		};
/* End PBXFrameworksBuildPhase section */

/* Begin PBXGroup section */
		4671D7B637F8F6025E9C737B /* Frameworks */ = {
			isa = PBXGroup;
			children = (
				63499A056D2F9F7D3F3B3D07 /* Pods_PodsExample.framework */,
			);
			name = Frameworks;
			sourceTree = "<group>";
		};
		498EBAAE9D80477762622894 /* Pods */ = {
			isa = PBXGroup;
			children = (
				7BD66EF858469B3802F058AA /* Pods-PodsExample.debug.xcconfig */,
				B6E4FA6A0FC6755DCB094D8B /* Pods-PodsExample.release.xcconfig */,
			);
			name = Pods;
			sourceTree = "<group>";
		};
		FEB4CE4C1E2ED42D00790999 = {
			isa = PBXGroup;
			children = (
				FEB4CE571E2ED42E00790999 /* PodsExample */,
				FEB4CE561E2ED42E00790999 /* Products */,
				498EBAAE9D80477762622894 /* Pods */,
				4671D7B637F8F6025E9C737B /* Frameworks */,
			);
			sourceTree = "<group>";
		};
		FEB4CE561E2ED42E00790999 /* Products */ = {
			isa = PBXGroup;
			children = (
				FEB4CE551E2ED42E00790999 /* PodsExample.app */,
			);
			name = Products;
			sourceTree = "<group>";
		};
		FEB4CE571E2ED42E00790999 /* PodsExample */ = {
			isa = PBXGroup;
			children = (
				FEB4CE581E2ED42E00790999 /* AppDelegate.swift */,
				FEB4CE5A1E2ED42E00790999 /* ViewController.swift */,
				FEB4CE5C1E2ED42E00790999 /* Main.storyboard */,
				FEB4CE621E2ED42E00790999 /* Assets.xcassets */,
				FEB4CE641E2ED42E00790999 /* LaunchScreen.storyboard */,
				FEB4CE671E2ED42E00790999 /* Info.plist */,
				FEB4CE5F1E2ED42E00790999 /* PodsExample.xcdatamodeld */,
			);
			path = PodsExample;
			sourceTree = "<group>";
		};
/* End PBXGroup section */

/* Begin PBXNativeTarget section */
		FEB4CE541E2ED42D00790999 /* PodsExample */ = {
			isa = PBXNativeTarget;
			buildConfigurationList = FEB4CE6A1E2ED42E00790999 /* Build configuration list for PBXNativeTarget "PodsExample" */;
			buildPhases = (
				0F36ECA365B44CEC4F6DC816 /* [CP] Check Pods Manifest.lock */,
				FEB4CE511E2ED42D00790999 /* Sources */,
				FEB4CE521E2ED42D00790999 /* Frameworks */,
				FEB4CE531E2ED42D00790999 /* Resources */,
				F755C8A6FA23826E8625E463 /* [CP] Embed Pods Frameworks */,
				ACF95DB254E45F7B8C48C650 /* [CP] Copy Pods Resources */,
			);
			buildRules = (
			);
			dependencies = (
			);
			name = PodsExample;
			productName = PodsExample;
			productReference = FEB4CE551E2ED42E00790999 /* PodsExample.app */;
			productType = "com.apple.product-type.application";
		};
/* End PBXNativeTarget section */

/* Begin PBXProject section */
		FEB4CE4D1E2ED42D00790999 /* Project object */ = {
			isa = PBXProject;
			attributes = {
				LastSwiftUpdateCheck = 0820;
				LastUpgradeCheck = 0820;
				ORGANIZATIONNAME = "Elton Santos";
				TargetAttributes = {
					FEB4CE541E2ED42D00790999 = {
						CreatedOnToolsVersion = 8.2.1;
						ProvisioningStyle = Automatic;
					};
				};
			};
			buildConfigurationList = FEB4CE501E2ED42D00790999 /* Build configuration list for PBXProject "PodsExample" */;
			compatibilityVersion = "Xcode 3.2";
			developmentRegion = English;
			hasScannedForEncodings = 0;
			knownRegions = (
				en,
				Base,
			);
			mainGroup = FEB4CE4C1E2ED42D00790999;
			productRefGroup = FEB4CE561E2ED42E00790999 /* Products */;
			projectDirPath = "";
			projectRoot = "";
			targets = (
				FEB4CE541E2ED42D00790999 /* PodsExample */,
			);
		};
/* End PBXProject section */

/* Begin PBXResourcesBuildPhase section */
		FEB4CE531E2ED42D00790999 /* Resources */ = {
			isa = PBXResourcesBuildPhase;
			buildActionMask = 2147483647;
			files = (
				FEB4CE661E2ED42E00790999 /* LaunchScreen.storyboard in Resources */,
				FEB4CE631E2ED42E00790999 /* Assets.xcassets in Resources */,
				FEB4CE5E1E2ED42E00790999 /* Main.storyboard in Resources */,
			);
			runOnlyForDeploymentPostprocessing = 0;
		};
/* End PBXResourcesBuildPhase section */

/* Begin PBXShellScriptBuildPhase section */
		0F36ECA365B44CEC4F6DC816 /* [CP] Check Pods Manifest.lock */ = {
			isa = PBXShellScriptBuildPhase;
			buildActionMask = 2147483647;
			files = (
			);
			inputPaths = (
			);
			name = "[CP] Check Pods Manifest.lock";
			outputPaths = (
			);
			runOnlyForDeploymentPostprocessing = 0;
			shellPath = /bin/sh;
			shellScript = "diff \"${PODS_ROOT}/../Podfile.lock\" \"${PODS_ROOT}/Manifest.lock\" > /dev/null\nif [ $? != 0 ] ; then\n    # print error to STDERR\n    echo \"error: The sandbox is not in sync with the Podfile.lock. Run 'pod install' or update your CocoaPods installation.\" >&2\n    exit 1\nfi\n";
			showEnvVarsInLog = 0;
		};
		ACF95DB254E45F7B8C48C650 /* [CP] Copy Pods Resources */ = {
			isa = PBXShellScriptBuildPhase;
			buildActionMask = 2147483647;
			files = (
			);
			inputPaths = (
			);
			name = "[CP] Copy Pods Resources";
			outputPaths = (
			);
			runOnlyForDeploymentPostprocessing = 0;
			shellPath = /bin/sh;
			shellScript = "\"${SRCROOT}/Pods/Target Support Files/Pods-PodsExample/Pods-PodsExample-resources.sh\"\n";
			showEnvVarsInLog = 0;
		};
		F755C8A6FA23826E8625E463 /* [CP] Embed Pods Frameworks */ = {
			isa = PBXShellScriptBuildPhase;
			buildActionMask = 2147483647;
			files = (
			);
			inputPaths = (
			);
			name = "[CP] Embed Pods Frameworks";
			outputPaths = (
			);
			runOnlyForDeploymentPostprocessing = 0;
			shellPath = /bin/sh;
			shellScript = "\"${SRCROOT}/Pods/Target Support Files/Pods-PodsExample/Pods-PodsExample-frameworks.sh\"\n";
			showEnvVarsInLog = 0;
		};
/* End PBXShellScriptBuildPhase section */

/* Begin PBXSourcesBuildPhase section */
		FEB4CE511E2ED42D00790999 /* Sources */ = {
			isa = PBXSourcesBuildPhase;
			buildActionMask = 2147483647;
			files = (
				FEB4CE611E2ED42E00790999 /* PodsExample.xcdatamodeld in Sources */,
				FEB4CE5B1E2ED42E00790999 /* ViewController.swift in Sources */,
				FEB4CE591E2ED42E00790999 /* AppDelegate.swift in Sources */,
			);
			runOnlyForDeploymentPostprocessing = 0;
		};
/* End PBXSourcesBuildPhase section */

/* Begin PBXVariantGroup section */
		FEB4CE5C1E2ED42E00790999 /* Main.storyboard */ = {
			isa = PBXVariantGroup;
			children = (
				FEB4CE5D1E2ED42E00790999 /* Base */,
			);
			name = Main.storyboard;
			sourceTree = "<group>";
		};
		FEB4CE641E2ED42E00790999 /* LaunchScreen.storyboard */ = {
			isa = PBXVariantGroup;
			children = (
				FEB4CE651E2ED42E00790999 /* Base */,
			);
			name = LaunchScreen.storyboard;
			sourceTree = "<group>";
		};
/* End PBXVariantGroup section */

/* Begin XCBuildConfiguration section */
		FEB4CE681E2ED42E00790999 /* Debug */ = {
			isa = XCBuildConfiguration;
			buildSettings = {
				ALWAYS_SEARCH_USER_PATHS = NO;
				CLANG_ANALYZER_NONNULL = YES;
				CLANG_CXX_LANGUAGE_STANDARD = "gnu++0x";
				CLANG_CXX_LIBRARY = "libc++";
				CLANG_ENABLE_MODULES = YES;
				CLANG_ENABLE_OBJC_ARC = YES;
				CLANG_WARN_BOOL_CONVERSION = YES;
				CLANG_WARN_CONSTANT_CONVERSION = YES;
				CLANG_WARN_DIRECT_OBJC_ISA_USAGE = YES_ERROR;
				CLANG_WARN_DOCUMENTATION_COMMENTS = YES;
				CLANG_WARN_EMPTY_BODY = YES;
				CLANG_WARN_ENUM_CONVERSION = YES;
				CLANG_WARN_INFINITE_RECURSION = YES;
				CLANG_WARN_INT_CONVERSION = YES;
				CLANG_WARN_OBJC_ROOT_CLASS = YES_ERROR;
				CLANG_WARN_SUSPICIOUS_MOVE = YES;
				CLANG_WARN_UNREACHABLE_CODE = YES;
				CLANG_WARN__DUPLICATE_METHOD_MATCH = YES;
				"CODE_SIGN_IDENTITY[sdk=iphoneos*]" = "iPhone Developer";
				COPY_PHASE_STRIP = NO;
				DEBUG_INFORMATION_FORMAT = dwarf;
				ENABLE_STRICT_OBJC_MSGSEND = YES;
				ENABLE_TESTABILITY = YES;
				GCC_C_LANGUAGE_STANDARD = gnu99;
				GCC_DYNAMIC_NO_PIC = NO;
				GCC_NO_COMMON_BLOCKS = YES;
				GCC_OPTIMIZATION_LEVEL = 0;
				GCC_PREPROCESSOR_DEFINITIONS = (
					"DEBUG=1",
					"$(inherited)",
				);
				GCC_WARN_64_TO_32_BIT_CONVERSION = YES;
				GCC_WARN_ABOUT_RETURN_TYPE = YES_ERROR;
				GCC_WARN_UNDECLARED_SELECTOR = YES;
				GCC_WARN_UNINITIALIZED_AUTOS = YES_AGGRESSIVE;
				GCC_WARN_UNUSED_FUNCTION = YES;
				GCC_WARN_UNUSED_VARIABLE = YES;
				IPHONEOS_DEPLOYMENT_TARGET = 10.2;
				MTL_ENABLE_DEBUG_INFO = YES;
				ONLY_ACTIVE_ARCH = YES;
				SDKROOT = iphoneos;
				SWIFT_ACTIVE_COMPILATION_CONDITIONS = DEBUG;
				SWIFT_OPTIMIZATION_LEVEL = "-Onone";
				TARGETED_DEVICE_FAMILY = "1,2";
			};
			name = Debug;
		};
		FEB4CE691E2ED42E00790999 /* Release */ = {
			isa = XCBuildConfiguration;
			buildSettings = {
				ALWAYS_SEARCH_USER_PATHS = NO;
				CLANG_ANALYZER_NONNULL = YES;
				CLANG_CXX_LANGUAGE_STANDARD = "gnu++0x";
				CLANG_CXX_LIBRARY = "libc++";
				CLANG_ENABLE_MODULES = YES;
				CLANG_ENABLE_OBJC_ARC = YES;
				CLANG_WARN_BOOL_CONVERSION = YES;
				CLANG_WARN_CONSTANT_CONVERSION = YES;
				CLANG_WARN_DIRECT_OBJC_ISA_USAGE = YES_ERROR;
				CLANG_WARN_DOCUMENTATION_COMMENTS = YES;
				CLANG_WARN_EMPTY_BODY = YES;
				CLANG_WARN_ENUM_CONVERSION = YES;
				CLANG_WARN_INFINITE_RECURSION = YES;
				CLANG_WARN_INT_CONVERSION = YES;
				CLANG_WARN_OBJC_ROOT_CLASS = YES_ERROR;
				CLANG_WARN_SUSPICIOUS_MOVE = YES;
				CLANG_WARN_UNREACHABLE_CODE = YES;
				CLANG_WARN__DUPLICATE_METHOD_MATCH = YES;
				"CODE_SIGN_IDENTITY[sdk=iphoneos*]" = "iPhone Developer";
				COPY_PHASE_STRIP = NO;
				DEBUG_INFORMATION_FORMAT = "dwarf-with-dsym";
				ENABLE_NS_ASSERTIONS = NO;
				ENABLE_STRICT_OBJC_MSGSEND = YES;
				GCC_C_LANGUAGE_STANDARD = gnu99;
				GCC_NO_COMMON_BLOCKS = YES;
				GCC_WARN_64_TO_32_BIT_CONVERSION = YES;
				GCC_WARN_ABOUT_RETURN_TYPE = YES_ERROR;
				GCC_WARN_UNDECLARED_SELECTOR = YES;
				GCC_WARN_UNINITIALIZED_AUTOS = YES_AGGRESSIVE;
				GCC_WARN_UNUSED_FUNCTION = YES;
				GCC_WARN_UNUSED_VARIABLE = YES;
				IPHONEOS_DEPLOYMENT_TARGET = 10.2;
				MTL_ENABLE_DEBUG_INFO = NO;
				SDKROOT = iphoneos;
				SWIFT_OPTIMIZATION_LEVEL = "-Owholemodule";
				TARGETED_DEVICE_FAMILY = "1,2";
				VALIDATE_PRODUCT = YES;
			};
			name = Release;
		};
		FEB4CE6B1E2ED42E00790999 /* Debug */ = {
			isa = XCBuildConfiguration;
			baseConfigurationReference = 7BD66EF858469B3802F058AA /* Pods-PodsExample.debug.xcconfig */;
			buildSettings = {
				ASSETCATALOG_COMPILER_APPICON_NAME = AppIcon;
				INFOPLIST_FILE = PodsExample/Info.plist;
				LD_RUNPATH_SEARCH_PATHS = "$(inherited) @executable_path/Frameworks";
				PRODUCT_BUNDLE_IDENTIFIER = br.com.unimed.PodsExample;
				PRODUCT_NAME = "$(TARGET_NAME)";
				SWIFT_VERSION = 3.0;
			};
			name = Debug;
		};
		FEB4CE6C1E2ED42E00790999 /* Release */ = {
			isa = XCBuildConfiguration;
			baseConfigurationReference = B6E4FA6A0FC6755DCB094D8B /* Pods-PodsExample.release.xcconfig */;
			buildSettings = {
				ASSETCATALOG_COMPILER_APPICON_NAME = AppIcon;
				INFOPLIST_FILE = PodsExample/Info.plist;
				LD_RUNPATH_SEARCH_PATHS = "$(inherited) @executable_path/Frameworks";
				PRODUCT_BUNDLE_IDENTIFIER = br.com.unimed.PodsExample;
				PRODUCT_NAME = "$(TARGET_NAME)";
				SWIFT_VERSION = 3.0;
			};
			name = Release;
		};
/* End XCBuildConfiguration section */

/* Begin XCConfigurationList section */
		FEB4CE501E2ED42D00790999 /* Build configuration list for PBXProject "PodsExample" */ = {
			isa = XCConfigurationList;
			buildConfigurations = (
				FEB4CE681E2ED42E00790999 /* Debug */,
				FEB4CE691E2ED42E00790999 /* Release */,
			);
			defaultConfigurationIsVisible = 0;
			defaultConfigurationName = Release;
		};
		FEB4CE6A1E2ED42E00790999 /* Build configuration list for PBXNativeTarget "PodsExample" */ = {
			isa = XCConfigurationList;
			buildConfigurations = (
				FEB4CE6B1E2ED42E00790999 /* Debug */,
				FEB4CE6C1E2ED42E00790999 /* Release */,
			);
			defaultConfigurationIsVisible = 0;
		};
/* End XCConfigurationList section */

/* Begin XCVersionGroup section */
		FEB4CE5F1E2ED42E00790999 /* PodsExample.xcdatamodeld */ = {
			isa = XCVersionGroup;
			children = (
				FEB4CE601E2ED42E00790999 /* PodsExample.xcdatamodel */,
			);
			currentVersion = FEB4CE601E2ED42E00790999 /* PodsExample.xcdatamodel */;
			path = PodsExample.xcdatamodeld;
			sourceTree = "<group>";
			versionGroupType = wrapper.xcdatamodel;
		};
/* End XCVersionGroup section */
	};
	rootObject = FEB4CE4D1E2ED42D00790999 /* Project object */;
}
